PODS:
  - SimpleServiceRegistry (3.0.2)

DEPENDENCIES:
  - SimpleServiceRegistry (from `../`)

EXTERNAL SOURCES:
  SimpleServiceRegistry:
    :path: ../

SPEC CHECKSUMS:
  SimpleServiceRegistry: bd72ac27fd5af1ff3cd9340496830584af53c85e

PODFILE CHECKSUM: 35a7a559db2dc3a8d614ee410941a354b7a66efd

COCOAPODS: 1.2.0.rc.1
